
Microsoft Visual Studio Solution File, Format Version 12.00
# Visual Studio Version 17
VisualStudioVersion = 17.11.35327.3
MinimumVisualStudioVersion = 10.0.40219.1
Project("{9A19103F-16F7-4668-BE54-9A1E7A4F7556}") = "LoginTeste", "LoginTeste\LoginTeste.csproj", "{42E75328-A6DC-42BE-955E-55AE5A40B395}"
EndProject
Global
	GlobalSection(SolutionConfigurationPlatforms) = preSolution
		Debug|Any CPU = Debug|Any CPU
		Release|Any CPU = Release|Any CPU
	EndGlobalSection
	GlobalSection(ProjectConfigurationPlatforms) = postSolution
		{42E75328-A6DC-42BE-955E-55AE5A40B395}.Debug|Any CPU.ActiveCfg = Debug|Any CPU
		{42E75328-A6DC-42BE-955E-55AE5A40B395}.Debug|Any CPU.Build.0 = Debug|Any CPU
		{42E75328-A6DC-42BE-955E-55AE5A40B395}.Release|Any CPU.ActiveCfg = Release|Any CPU
		{42E75328-A6DC-42BE-955E-55AE5A40B395}.Release|Any CPU.Build.0 = Release|Any CPU
	EndGlobalSection
	GlobalSection(SolutionProperties) = preSolution
		HideSolutionNode = FALSE
	EndGlobalSection
	GlobalSection(ExtensibilityGlobals) = postSolution
		SolutionGuid = {9A89F931-48AD-49E0-B424-4BEAD03B61FE}
	EndGlobalSection
EndGlobal
